// !$*UTF8*$!
{
	archiveVersion = 1;
	classes = {
	};
	objectVersion = 50;
	objects = {

/* Begin PBXBuildFile section */
		F04604D824549376006D1BD6 /* MapView.swift in Sources */ = {isa = PBXBuildFile; fileRef = F04604D724549376006D1BD6 /* MapView.swift */; };
		F0E0FE7E24547B16001914F9 /* AppDelegate.swift in Sources */ = {isa = PBXBuildFile; fileRef = F0E0FE7D24547B16001914F9 /* AppDelegate.swift */; };
		F0E0FE8024547B16001914F9 /* SceneDelegate.swift in Sources */ = {isa = PBXBuildFile; fileRef = F0E0FE7F24547B16001914F9 /* SceneDelegate.swift */; };
		F0E0FE8224547B16001914F9 /* MapViewController.swift in Sources */ = {isa = PBXBuildFile; fileRef = F0E0FE8124547B16001914F9 /* MapViewController.swift */; };
		F0E0FE8724547B18001914F9 /* Assets.xcassets in Resources */ = {isa = PBXBuildFile; fileRef = F0E0FE8624547B18001914F9 /* Assets.xcassets */; };
		F0E0FE8A24547B18001914F9 /* LaunchScreen.storyboard in Resources */ = {isa = PBXBuildFile; fileRef = F0E0FE8824547B18001914F9 /* LaunchScreen.storyboard */; };
/* End PBXBuildFile section */

/* Begin PBXFileReference section */
		F04604D724549376006D1BD6 /* MapView.swift */ = {isa = PBXFileReference; lastKnownFileType = sourcecode.swift; path = MapView.swift; sourceTree = "<group>"; };
		F0E0FE7A24547B16001914F9 /* TouchToMap.app */ = {isa = PBXFileReference; explicitFileType = wrapper.application; includeInIndex = 0; path = TouchToMap.app; sourceTree = BUILT_PRODUCTS_DIR; };
		F0E0FE7D24547B16001914F9 /* AppDelegate.swift */ = {isa = PBXFileReference; lastKnownFileType = sourcecode.swift; path = AppDelegate.swift; sourceTree = "<group>"; };
		F0E0FE7F24547B16001914F9 /* SceneDelegate.swift */ = {isa = PBXFileReference; lastKnownFileType = sourcecode.swift; path = SceneDelegate.swift; sourceTree = "<group>"; };
		F0E0FE8124547B16001914F9 /* MapViewController.swift */ = {isa = PBXFileReference; lastKnownFileType = sourcecode.swift; path = MapViewController.swift; sourceTree = "<group>"; };
		F0E0FE8624547B18001914F9 /* Assets.xcassets */ = {isa = PBXFileReference; lastKnownFileType = folder.assetcatalog; path = Assets.xcassets; sourceTree = "<group>"; };
		F0E0FE8924547B18001914F9 /* Base */ = {isa = PBXFileReference; lastKnownFileType = file.storyboard; name = Base; path = Base.lproj/LaunchScreen.storyboard; sourceTree = "<group>"; };
		F0E0FE8B24547B18001914F9 /* Info.plist */ = {isa = PBXFileReference; lastKnownFileType = text.plist.xml; path = Info.plist; sourceTree = "<group>"; };
/* End PBXFileReference section */

/* Begin PBXFrameworksBuildPhase section */
		F0E0FE7724547B16001914F9 /* Frameworks */ = {
			isa = PBXFrameworksBuildPhase;
			buildActionMask = 2147483647;
			files = (
			);
			runOnlyForDeploymentPostprocessing = 0;
		};
/* End PBXFrameworksBuildPhase section */

/* Begin PBXGroup section */
		F04604D424549324006D1BD6 /* Views */ = {
			isa = PBXGroup;
			children = (
				F04604D724549376006D1BD6 /* MapView.swift */,
			);
			path = Views;
			sourceTree = "<group>";
		};
		F04604D52454932A006D1BD6 /* Models */ = {
			isa = PBXGroup;
			children = (
			);
			path = Models;
			sourceTree = "<group>";
		};
		F04604D62454932E006D1BD6 /* Controllers */ = {
			isa = PBXGroup;
			children = (
				F0E0FE8124547B16001914F9 /* MapViewController.swift */,
			);
			path = Controllers;
			sourceTree = "<group>";
		};
		F0E0FE7124547B16001914F9 = {
			isa = PBXGroup;
			children = (
				F0E0FE7C24547B16001914F9 /* TouchToMap */,
				F0E0FE7B24547B16001914F9 /* Products */,
			);
			sourceTree = "<group>";
		};
		F0E0FE7B24547B16001914F9 /* Products */ = {
			isa = PBXGroup;
			children = (
				F0E0FE7A24547B16001914F9 /* TouchToMap.app */,
			);
			name = Products;
			sourceTree = "<group>";
		};
		F0E0FE7C24547B16001914F9 /* TouchToMap */ = {
			isa = PBXGroup;
			children = (
				F04604D62454932E006D1BD6 /* Controllers */,
				F04604D52454932A006D1BD6 /* Models */,
				F04604D424549324006D1BD6 /* Views */,
				F0E0FE7D24547B16001914F9 /* AppDelegate.swift */,
				F0E0FE7F24547B16001914F9 /* SceneDelegate.swift */,
				F0E0FE8624547B18001914F9 /* Assets.xcassets */,
				F0E0FE8824547B18001914F9 /* LaunchScreen.storyboard */,
				F0E0FE8B24547B18001914F9 /* Info.plist */,
			);
			path = TouchToMap;
			sourceTree = "<group>";
		};
/* End PBXGroup section */

/* Begin PBXNativeTarget section */
		F0E0FE7924547B16001914F9 /* TouchToMap */ = {
			isa = PBXNativeTarget;
			buildConfigurationList = F0E0FE8E24547B18001914F9 /* Build configuration list for PBXNativeTarget "TouchToMap" */;
			buildPhases = (
				F0E0FE7624547B16001914F9 /* Sources */,
				F0E0FE7724547B16001914F9 /* Frameworks */,
				F0E0FE7824547B16001914F9 /* Resources */,
			);
			buildRules = (
			);
			dependencies = (
			);
			name = TouchToMap;
			productName = TouchToMap;
			productReference = F0E0FE7A24547B16001914F9 /* TouchToMap.app */;
			productType = "com.apple.product-type.application";
		};
/* End PBXNativeTarget section */

/* Begin PBXProject section */
		F0E0FE7224547B16001914F9 /* Project object */ = {
			isa = PBXProject;
			attributes = {
				LastSwiftUpdateCheck = 1140;
				LastUpgradeCheck = 1140;
				ORGANIZATIONNAME = "Hugo Flores Perez";
				TargetAttributes = {
					F0E0FE7924547B16001914F9 = {
						CreatedOnToolsVersion = 11.4.1;
					};
				};
			};
			buildConfigurationList = F0E0FE7524547B16001914F9 /* Build configuration list for PBXProject "TouchToMap" */;
			compatibilityVersion = "Xcode 9.3";
			developmentRegion = en;
			hasScannedForEncodings = 0;
			knownRegions = (
				en,
				Base,
			);
			mainGroup = F0E0FE7124547B16001914F9;
			productRefGroup = F0E0FE7B24547B16001914F9 /* Products */;
			projectDirPath = "";
			projectRoot = "";
			targets = (
				F0E0FE7924547B16001914F9 /* TouchToMap */,
			);
		};
/* End PBXProject section */

/* Begin PBXResourcesBuildPhase section */
		F0E0FE7824547B16001914F9 /* Resources */ = {
			isa = PBXResourcesBuildPhase;
			buildActionMask = 2147483647;
			files = (
				F0E0FE8A24547B18001914F9 /* LaunchScreen.storyboard in Resources */,
				F0E0FE8724547B18001914F9 /* Assets.xcassets in Resources */,
			);
			runOnlyForDeploymentPostprocessing = 0;
		};
/* End PBXResourcesBuildPhase section */

/* Begin PBXSourcesBuildPhase section */
		F0E0FE7624547B16001914F9 /* Sources */ = {
			isa = PBXSourcesBuildPhase;
			buildActionMask = 2147483647;
			files = (
				F0E0FE8224547B16001914F9 /* MapViewController.swift in Sources */,
				F04604D824549376006D1BD6 /* MapView.swift in Sources */,
				F0E0FE7E24547B16001914F9 /* AppDelegate.swift in Sources */,
				F0E0FE8024547B16001914F9 /* SceneDelegate.swift in Sources */,
			);
			runOnlyForDeploymentPostprocessing = 0;
		};
/* End PBXSourcesBuildPhase section */

/* Begin PBXVariantGroup section */
		F0E0FE8824547B18001914F9 /* LaunchScreen.storyboard */ = {
			isa = PBXVariantGroup;
			children = (
				F0E0FE8924547B18001914F9 /* Base */,
			);
			name = LaunchScreen.storyboard;
			sourceTree = "<group>";
		};
/* End PBXVariantGroup section */

/* Begin XCBuildConfiguration section */
		F0E0FE8C24547B18001914F9 /* Debug */ = {
			isa = XCBuildConfiguration;
			buildSettings = {
				ALWAYS_SEARCH_USER_PATHS = NO;
				CLANG_ANALYZER_NONNULL = YES;
				CLANG_ANALYZER_NUMBER_OBJECT_CONVERSION = YES_AGGRESSIVE;
				CLANG_CXX_LANGUAGE_STANDARD = "gnu++14";
				CLANG_CXX_LIBRARY = "libc++";
				CLANG_ENABLE_MODULES = YES;
				CLANG_ENABLE_OBJC_ARC = YES;
				CLANG_ENABLE_OBJC_WEAK = YES;
				CLANG_WARN_BLOCK_CAPTURE_AUTORELEASING = YES;
				CLANG_WARN_BOOL_CONVERSION = YES;
				CLANG_WARN_COMMA = YES;
				CLANG_WARN_CONSTANT_CONVERSION = YES;
				CLANG_WARN_DEPRECATED_OBJC_IMPLEMENTATIONS = YES;
				CLANG_WARN_DIRECT_OBJC_ISA_USAGE = YES_ERROR;
				CLANG_WARN_DOCUMENTATION_COMMENTS = YES;
				CLANG_WARN_EMPTY_BODY = YES;
				CLANG_WARN_ENUM_CONVERSION = YES;
				CLANG_WARN_INFINITE_RECURSION = YES;
				CLANG_WARN_INT_CONVERSION = YES;
				CLANG_WARN_NON_LITERAL_NULL_CONVERSION = YES;
				CLANG_WARN_OBJC_IMPLICIT_RETAIN_SELF = YES;
				CLANG_WARN_OBJC_LITERAL_CONVERSION = YES;
				CLANG_WARN_OBJC_ROOT_CLASS = YES_ERROR;
				CLANG_WARN_RANGE_LOOP_ANALYSIS = YES;
				CLANG_WARN_STRICT_PROTOTYPES = YES;
				CLANG_WARN_SUSPICIOUS_MOVE = YES;
				CLANG_WARN_UNGUARDED_AVAILABILITY = YES_AGGRESSIVE;
				CLANG_WARN_UNREACHABLE_CODE = YES;
				CLANG_WARN__DUPLICATE_METHOD_MATCH = YES;
				COPY_PHASE_STRIP = NO;
				DEBUG_INFORMATION_FORMAT = dwarf;
				ENABLE_STRICT_OBJC_MSGSEND = YES;
				ENABLE_TESTABILITY = YES;
				GCC_C_LANGUAGE_STANDARD = gnu11;
				GCC_DYNAMIC_NO_PIC = NO;
				GCC_NO_COMMON_BLOCKS = YES;
				GCC_OPTIMIZATION_LEVEL = 0;
				GCC_PREPROCESSOR_DEFINITIONS = (
					"DEBUG=1",
					"$(inherited)",
				);
				GCC_WARN_64_TO_32_BIT_CONVERSION = YES;
				GCC_WARN_ABOUT_RETURN_TYPE = YES_ERROR;
				GCC_WARN_UNDECLARED_SELECTOR = YES;
				GCC_WARN_UNINITIALIZED_AUTOS = YES_AGGRESSIVE;
				GCC_WARN_UNUSED_FUNCTION = YES;
				GCC_WARN_UNUSED_VARIABLE = YES;
				IPHONEOS_DEPLOYMENT_TARGET = 13.4;
				MTL_ENABLE_DEBUG_INFO = INCLUDE_SOURCE;
				MTL_FAST_MATH = YES;
				ONLY_ACTIVE_ARCH = YES;
				SDKROOT = iphoneos;
				SWIFT_ACTIVE_COMPILATION_CONDITIONS = DEBUG;
				SWIFT_OPTIMIZATION_LEVEL = "-Onone";
			};
			name = Debug;
		};
		F0E0FE8D24547B18001914F9 /* Release */ = {
			isa = XCBuildConfiguration;
			buildSettings = {
				ALWAYS_SEARCH_USER_PATHS = NO;
				CLANG_ANALYZER_NONNULL = YES;
				CLANG_ANALYZER_NUMBER_OBJECT_CONVERSION = YES_AGGRESSIVE;
				CLANG_CXX_LANGUAGE_STANDARD = "gnu++14";
				CLANG_CXX_LIBRARY = "libc++";
				CLANG_ENABLE_MODULES = YES;
				CLANG_ENABLE_OBJC_ARC = YES;
				CLANG_ENABLE_OBJC_WEAK = YES;
				CLANG_WARN_BLOCK_CAPTURE_AUTORELEASING = YES;
				CLANG_WARN_BOOL_CONVERSION = YES;
				CLANG_WARN_COMMA = YES;
				CLANG_WARN_CONSTANT_CONVERSION = YES;
				CLANG_WARN_DEPRECATED_OBJC_IMPLEMENTATIONS = YES;
				CLANG_WARN_DIRECT_OBJC_ISA_USAGE = YES_ERROR;
				CLANG_WARN_DOCUMENTATION_COMMENTS = YES;
				CLANG_WARN_EMPTY_BODY = YES;
				CLANG_WARN_ENUM_CONVERSION = YES;
				CLANG_WARN_INFINITE_RECURSION = YES;
				CLANG_WARN_INT_CONVERSION = YES;
				CLANG_WARN_NON_LITERAL_NULL_CONVERSION = YES;
				CLANG_WARN_OBJC_IMPLICIT_RETAIN_SELF = YES;
				CLANG_WARN_OBJC_LITERAL_CONVERSION = YES;
				CLANG_WARN_OBJC_ROOT_CLASS = YES_ERROR;
				CLANG_WARN_RANGE_LOOP_ANALYSIS = YES;
				CLANG_WARN_STRICT_PROTOTYPES = YES;
				CLANG_WARN_SUSPICIOUS_MOVE = YES;
				CLANG_WARN_UNGUARDED_AVAILABILITY = YES_AGGRESSIVE;
				CLANG_WARN_UNREACHABLE_CODE = YES;
				CLANG_WARN__DUPLICATE_METHOD_MATCH = YES;
				COPY_PHASE_STRIP = NO;
				DEBUG_INFORMATION_FORMAT = "dwarf-with-dsym";
				ENABLE_NS_ASSERTIONS = NO;
				ENABLE_STRICT_OBJC_MSGSEND = YES;
				GCC_C_LANGUAGE_STANDARD = gnu11;
				GCC_NO_COMMON_BLOCKS = YES;
				GCC_WARN_64_TO_32_BIT_CONVERSION = YES;
				GCC_WARN_ABOUT_RETURN_TYPE = YES_ERROR;
				GCC_WARN_UNDECLARED_SELECTOR = YES;
				GCC_WARN_UNINITIALIZED_AUTOS = YES_AGGRESSIVE;
				GCC_WARN_UNUSED_FUNCTION = YES;
				GCC_WARN_UNUSED_VARIABLE = YES;
				IPHONEOS_DEPLOYMENT_TARGET = 13.4;
				MTL_ENABLE_DEBUG_INFO = NO;
				MTL_FAST_MATH = YES;
				SDKROOT = iphoneos;
				SWIFT_COMPILATION_MODE = wholemodule;
				SWIFT_OPTIMIZATION_LEVEL = "-O";
				VALIDATE_PRODUCT = YES;
			};
			name = Release;
		};
		F0E0FE8F24547B18001914F9 /* Debug */ = {
			isa = XCBuildConfiguration;
			buildSettings = {
				ASSETCATALOG_COMPILER_APPICON_NAME = AppIcon;
				CODE_SIGN_STYLE = Automatic;
				INFOPLIST_FILE = TouchToMap/Info.plist;
				LD_RUNPATH_SEARCH_PATHS = (
					"$(inherited)",
					"@executable_path/Frameworks",
				);
				PRODUCT_BUNDLE_IDENTIFIER = com.enhanceit.training.hugo.TouchToMap;
				PRODUCT_NAME = "$(TARGET_NAME)";
				SWIFT_VERSION = 5.0;
				TARGETED_DEVICE_FAMILY = "1,2";
			};
			name = Debug;
		};
		F0E0FE9024547B18001914F9 /* Release */ = {
			isa = XCBuildConfiguration;
			buildSettings = {
				ASSETCATALOG_COMPILER_APPICON_NAME = AppIcon;
				CODE_SIGN_STYLE = Automatic;
				INFOPLIST_FILE = TouchToMap/Info.plist;
				LD_RUNPATH_SEARCH_PATHS = (
					"$(inherited)",
					"@executable_path/Frameworks",
				);
				PRODUCT_BUNDLE_IDENTIFIER = com.enhanceit.training.hugo.TouchToMap;
				PRODUCT_NAME = "$(TARGET_NAME)";
				SWIFT_VERSION = 5.0;
				TARGETED_DEVICE_FAMILY = "1,2";
			};
			name = Release;
		};
/* End XCBuildConfiguration section */

/* Begin XCConfigurationList section */
		F0E0FE7524547B16001914F9 /* Build configuration list for PBXProject "TouchToMap" */ = {
			isa = XCConfigurationList;
			buildConfigurations = (
				F0E0FE8C24547B18001914F9 /* Debug */,
				F0E0FE8D24547B18001914F9 /* Release */,
			);
			defaultConfigurationIsVisible = 0;
			defaultConfigurationName = Release;
		};
		F0E0FE8E24547B18001914F9 /* Build configuration list for PBXNativeTarget "TouchToMap" */ = {
			isa = XCConfigurationList;
			buildConfigurations = (
				F0E0FE8F24547B18001914F9 /* Debug */,
				F0E0FE9024547B18001914F9 /* Release */,
			);
			defaultConfigurationIsVisible = 0;
			defaultConfigurationName = Release;
		};
/* End XCConfigurationList section */
	};
	rootObject = F0E0FE7224547B16001914F9 /* Project object */;
}
